
Microsoft Visual Studio Solution File, Format Version 12.00
# Visual Studio Version 16
VisualStudioVersion = 16.0.29519.181
MinimumVisualStudioVersion = 10.0.40219.1
Project("{FAE04EC0-301F-11D3-BF4B-00C04F79EFBC}") = "CodeScanTest", "CodeScanTest\CodeScanTest.csproj", "{8B92BA05-B05A-45B6-A804-8855DF7DD2EA}"
EndProject
Project("{FAE04EC0-301F-11D3-BF4B-00C04F79EFBC}") = "ConsoleApp1", "ConsoleApp1\ConsoleApp1.csproj", "{7B689A72-9388-42A0-9DB0-9016C32082A9}"
EndProject
Global
	GlobalSection(SolutionConfigurationPlatforms) = preSolution
		Debug|Any CPU = Debug|Any CPU
		Release|Any CPU = Release|Any CPU
	EndGlobalSection
	GlobalSection(ProjectConfigurationPlatforms) = postSolution
		{8B92BA05-B05A-45B6-A804-8855DF7DD2EA}.Debug|Any CPU.ActiveCfg = Debug|Any CPU
		{8B92BA05-B05A-45B6-A804-8855DF7DD2EA}.Debug|Any CPU.Build.0 = Debug|Any CPU
		{8B92BA05-B05A-45B6-A804-8855DF7DD2EA}.Release|Any CPU.ActiveCfg = Release|Any CPU
		{8B92BA05-B05A-45B6-A804-8855DF7DD2EA}.Release|Any CPU.Build.0 = Release|Any CPU
		{7B689A72-9388-42A0-9DB0-9016C32082A9}.Debug|Any CPU.ActiveCfg = Debug|Any CPU
		{7B689A72-9388-42A0-9DB0-9016C32082A9}.Debug|Any CPU.Build.0 = Debug|Any CPU
		{7B689A72-9388-42A0-9DB0-9016C32082A9}.Release|Any CPU.ActiveCfg = Release|Any CPU
		{7B689A72-9388-42A0-9DB0-9016C32082A9}.Release|Any CPU.Build.0 = Release|Any CPU
	EndGlobalSection
	GlobalSection(SolutionProperties) = preSolution
		HideSolutionNode = FALSE
	EndGlobalSection
	GlobalSection(ExtensibilityGlobals) = postSolution
		SolutionGuid = {9584A1D2-CF0F-4520-A9E9-632A3C5C66B7}
	EndGlobalSection
EndGlobal
